
Microsoft Visual Studio Solution File, Format Version 12.00
# Visual Studio Version 16
VisualStudioVersion = 16.0.31911.196
MinimumVisualStudioVersion = 10.0.40219.1
Project("{FAE04EC0-301F-11D3-BF4B-00C04F79EFBC}") = "LAB6_BT4", "LAB6_BT4.csproj", "{5AC890DF-E2A7-4ED4-B56C-133787FA6B98}"
EndProject
Global
	GlobalSection(SolutionConfigurationPlatforms) = preSolution
		Debug|Any CPU = Debug|Any CPU
		Release|Any CPU = Release|Any CPU
	EndGlobalSection
	GlobalSection(ProjectConfigurationPlatforms) = postSolution
		{5AC890DF-E2A7-4ED4-B56C-133787FA6B98}.Debug|Any CPU.ActiveCfg = Debug|Any CPU
		{5AC890DF-E2A7-4ED4-B56C-133787FA6B98}.Debug|Any CPU.Build.0 = Debug|Any CPU
		{5AC890DF-E2A7-4ED4-B56C-133787FA6B98}.Release|Any CPU.ActiveCfg = Release|Any CPU
		{5AC890DF-E2A7-4ED4-B56C-133787FA6B98}.Release|Any CPU.Build.0 = Release|Any CPU
	EndGlobalSection
	GlobalSection(SolutionProperties) = preSolution
		HideSolutionNode = FALSE
	EndGlobalSection
	GlobalSection(ExtensibilityGlobals) = postSolution
		SolutionGuid = {B634AB12-5D7B-40AB-B96B-370E31DBBA3E}
	EndGlobalSection
EndGlobal
