
Microsoft Visual Studio Solution File, Format Version 12.00
# Visual Studio Version 16
VisualStudioVersion = 16.0.32002.261
MinimumVisualStudioVersion = 10.0.40219.1
Project("{FAE04EC0-301F-11D3-BF4B-00C04F79EFBC}") = "BT3", "BT3.csproj", "{51D9C0B1-D48C-4522-AE14-5C407143FBA9}"
EndProject
Global
	GlobalSection(SolutionConfigurationPlatforms) = preSolution
		Debug|Any CPU = Debug|Any CPU
		Release|Any CPU = Release|Any CPU
	EndGlobalSection
	GlobalSection(ProjectConfigurationPlatforms) = postSolution
		{51D9C0B1-D48C-4522-AE14-5C407143FBA9}.Debug|Any CPU.ActiveCfg = Debug|Any CPU
		{51D9C0B1-D48C-4522-AE14-5C407143FBA9}.Debug|Any CPU.Build.0 = Debug|Any CPU
		{51D9C0B1-D48C-4522-AE14-5C407143FBA9}.Release|Any CPU.ActiveCfg = Release|Any CPU
		{51D9C0B1-D48C-4522-AE14-5C407143FBA9}.Release|Any CPU.Build.0 = Release|Any CPU
	EndGlobalSection
	GlobalSection(SolutionProperties) = preSolution
		HideSolutionNode = FALSE
	EndGlobalSection
	GlobalSection(ExtensibilityGlobals) = postSolution
		SolutionGuid = {79445DD8-C4E2-47E3-8546-2E59B9FA16A1}
	EndGlobalSection
EndGlobal
