
Microsoft Visual Studio Solution File, Format Version 12.00
# Visual Studio Version 16
VisualStudioVersion = 16.0.31911.196
MinimumVisualStudioVersion = 10.0.40219.1
Project("{FAE04EC0-301F-11D3-BF4B-00C04F79EFBC}") = "LAB4_BT6", "LAB4_BT6.csproj", "{B2C3FAB6-0C93-4480-90C1-823DB7F00EB3}"
EndProject
Global
	GlobalSection(SolutionConfigurationPlatforms) = preSolution
		Debug|Any CPU = Debug|Any CPU
		Release|Any CPU = Release|Any CPU
	EndGlobalSection
	GlobalSection(ProjectConfigurationPlatforms) = postSolution
		{B2C3FAB6-0C93-4480-90C1-823DB7F00EB3}.Debug|Any CPU.ActiveCfg = Debug|Any CPU
		{B2C3FAB6-0C93-4480-90C1-823DB7F00EB3}.Debug|Any CPU.Build.0 = Debug|Any CPU
		{B2C3FAB6-0C93-4480-90C1-823DB7F00EB3}.Release|Any CPU.ActiveCfg = Release|Any CPU
		{B2C3FAB6-0C93-4480-90C1-823DB7F00EB3}.Release|Any CPU.Build.0 = Release|Any CPU
	EndGlobalSection
	GlobalSection(SolutionProperties) = preSolution
		HideSolutionNode = FALSE
	EndGlobalSection
	GlobalSection(ExtensibilityGlobals) = postSolution
		SolutionGuid = {F8E90EC6-DDAD-41A9-8068-52C31D9328D4}
	EndGlobalSection
EndGlobal
