
Microsoft Visual Studio Solution File, Format Version 12.00
# Visual Studio Version 16
VisualStudioVersion = 16.0.32002.261
MinimumVisualStudioVersion = 10.0.40219.1
Project("{FAE04EC0-301F-11D3-BF4B-00C04F79EFBC}") = "BT704", "BT704.csproj", "{84B73521-D496-44E9-8B7C-E19007A353FC}"
EndProject
Global
	GlobalSection(SolutionConfigurationPlatforms) = preSolution
		Debug|Any CPU = Debug|Any CPU
		Release|Any CPU = Release|Any CPU
	EndGlobalSection
	GlobalSection(ProjectConfigurationPlatforms) = postSolution
		{84B73521-D496-44E9-8B7C-E19007A353FC}.Debug|Any CPU.ActiveCfg = Debug|Any CPU
		{84B73521-D496-44E9-8B7C-E19007A353FC}.Debug|Any CPU.Build.0 = Debug|Any CPU
		{84B73521-D496-44E9-8B7C-E19007A353FC}.Release|Any CPU.ActiveCfg = Release|Any CPU
		{84B73521-D496-44E9-8B7C-E19007A353FC}.Release|Any CPU.Build.0 = Release|Any CPU
	EndGlobalSection
	GlobalSection(SolutionProperties) = preSolution
		HideSolutionNode = FALSE
	EndGlobalSection
	GlobalSection(ExtensibilityGlobals) = postSolution
		SolutionGuid = {6BA8B493-2760-4320-A183-EE296190F74D}
	EndGlobalSection
EndGlobal
