
Microsoft Visual Studio Solution File, Format Version 12.00
# Visual Studio Version 16
VisualStudioVersion = 16.0.31911.196
MinimumVisualStudioVersion = 10.0.40219.1
Project("{FAE04EC0-301F-11D3-BF4B-00C04F79EFBC}") = "LAB7_BT2", "LAB7_BT2.csproj", "{469AF138-2E8C-4ADA-B131-64663034A6DF}"
EndProject
Global
	GlobalSection(SolutionConfigurationPlatforms) = preSolution
		Debug|Any CPU = Debug|Any CPU
		Release|Any CPU = Release|Any CPU
	EndGlobalSection
	GlobalSection(ProjectConfigurationPlatforms) = postSolution
		{469AF138-2E8C-4ADA-B131-64663034A6DF}.Debug|Any CPU.ActiveCfg = Debug|Any CPU
		{469AF138-2E8C-4ADA-B131-64663034A6DF}.Debug|Any CPU.Build.0 = Debug|Any CPU
		{469AF138-2E8C-4ADA-B131-64663034A6DF}.Release|Any CPU.ActiveCfg = Release|Any CPU
		{469AF138-2E8C-4ADA-B131-64663034A6DF}.Release|Any CPU.Build.0 = Release|Any CPU
	EndGlobalSection
	GlobalSection(SolutionProperties) = preSolution
		HideSolutionNode = FALSE
	EndGlobalSection
	GlobalSection(ExtensibilityGlobals) = postSolution
		SolutionGuid = {40299FE7-D7F0-467B-B8AC-BF57D3F72F1F}
	EndGlobalSection
EndGlobal
