
Microsoft Visual Studio Solution File, Format Version 12.00
# Visual Studio Version 16
VisualStudioVersion = 16.0.31911.196
MinimumVisualStudioVersion = 10.0.40219.1
Project("{FAE04EC0-301F-11D3-BF4B-00C04F79EFBC}") = "LAB4_BT5", "LAB4_BT5.csproj", "{40253685-2FE8-490E-A5A0-E0ADC3A6787B}"
EndProject
Global
	GlobalSection(SolutionConfigurationPlatforms) = preSolution
		Debug|Any CPU = Debug|Any CPU
		Release|Any CPU = Release|Any CPU
	EndGlobalSection
	GlobalSection(ProjectConfigurationPlatforms) = postSolution
		{40253685-2FE8-490E-A5A0-E0ADC3A6787B}.Debug|Any CPU.ActiveCfg = Debug|Any CPU
		{40253685-2FE8-490E-A5A0-E0ADC3A6787B}.Debug|Any CPU.Build.0 = Debug|Any CPU
		{40253685-2FE8-490E-A5A0-E0ADC3A6787B}.Release|Any CPU.ActiveCfg = Release|Any CPU
		{40253685-2FE8-490E-A5A0-E0ADC3A6787B}.Release|Any CPU.Build.0 = Release|Any CPU
	EndGlobalSection
	GlobalSection(SolutionProperties) = preSolution
		HideSolutionNode = FALSE
	EndGlobalSection
	GlobalSection(ExtensibilityGlobals) = postSolution
		SolutionGuid = {3829F0C2-C53D-403F-9BB4-184639D88C95}
	EndGlobalSection
EndGlobal
