
Microsoft Visual Studio Solution File, Format Version 12.00
# Visual Studio Version 16
VisualStudioVersion = 16.0.31911.196
MinimumVisualStudioVersion = 10.0.40219.1
Project("{FAE04EC0-301F-11D3-BF4B-00C04F79EFBC}") = "LAB3_BT3", "LAB3_BT3.csproj", "{827A6815-2FC5-43DC-86C9-034C105D708D}"
EndProject
Global
	GlobalSection(SolutionConfigurationPlatforms) = preSolution
		Debug|Any CPU = Debug|Any CPU
		Release|Any CPU = Release|Any CPU
	EndGlobalSection
	GlobalSection(ProjectConfigurationPlatforms) = postSolution
		{827A6815-2FC5-43DC-86C9-034C105D708D}.Debug|Any CPU.ActiveCfg = Debug|Any CPU
		{827A6815-2FC5-43DC-86C9-034C105D708D}.Debug|Any CPU.Build.0 = Debug|Any CPU
		{827A6815-2FC5-43DC-86C9-034C105D708D}.Release|Any CPU.ActiveCfg = Release|Any CPU
		{827A6815-2FC5-43DC-86C9-034C105D708D}.Release|Any CPU.Build.0 = Release|Any CPU
	EndGlobalSection
	GlobalSection(SolutionProperties) = preSolution
		HideSolutionNode = FALSE
	EndGlobalSection
	GlobalSection(ExtensibilityGlobals) = postSolution
		SolutionGuid = {1CB98649-40FF-422E-918B-1C1E41AD7D29}
	EndGlobalSection
EndGlobal
