
Microsoft Visual Studio Solution File, Format Version 12.00
# Visual Studio Version 16
VisualStudioVersion = 16.0.31911.196
MinimumVisualStudioVersion = 10.0.40219.1
Project("{FAE04EC0-301F-11D3-BF4B-00C04F79EFBC}") = "LAB6_BT6", "LAB6_BT6.csproj", "{CCC25A93-D6B6-4498-A1CA-A40A15F86953}"
EndProject
Global
	GlobalSection(SolutionConfigurationPlatforms) = preSolution
		Debug|Any CPU = Debug|Any CPU
		Release|Any CPU = Release|Any CPU
	EndGlobalSection
	GlobalSection(ProjectConfigurationPlatforms) = postSolution
		{CCC25A93-D6B6-4498-A1CA-A40A15F86953}.Debug|Any CPU.ActiveCfg = Debug|Any CPU
		{CCC25A93-D6B6-4498-A1CA-A40A15F86953}.Debug|Any CPU.Build.0 = Debug|Any CPU
		{CCC25A93-D6B6-4498-A1CA-A40A15F86953}.Release|Any CPU.ActiveCfg = Release|Any CPU
		{CCC25A93-D6B6-4498-A1CA-A40A15F86953}.Release|Any CPU.Build.0 = Release|Any CPU
	EndGlobalSection
	GlobalSection(SolutionProperties) = preSolution
		HideSolutionNode = FALSE
	EndGlobalSection
	GlobalSection(ExtensibilityGlobals) = postSolution
		SolutionGuid = {8A97E741-629A-4517-BA57-87179B43DDBA}
	EndGlobalSection
EndGlobal
