
Microsoft Visual Studio Solution File, Format Version 12.00
# Visual Studio Version 16
VisualStudioVersion = 16.0.31911.196
MinimumVisualStudioVersion = 10.0.40219.1
Project("{FAE04EC0-301F-11D3-BF4B-00C04F79EFBC}") = "LAB3_BT6", "LAB3_BT6.csproj", "{D967813B-938A-4722-AF4F-16D283B1F581}"
EndProject
Global
	GlobalSection(SolutionConfigurationPlatforms) = preSolution
		Debug|Any CPU = Debug|Any CPU
		Release|Any CPU = Release|Any CPU
	EndGlobalSection
	GlobalSection(ProjectConfigurationPlatforms) = postSolution
		{D967813B-938A-4722-AF4F-16D283B1F581}.Debug|Any CPU.ActiveCfg = Debug|Any CPU
		{D967813B-938A-4722-AF4F-16D283B1F581}.Debug|Any CPU.Build.0 = Debug|Any CPU
		{D967813B-938A-4722-AF4F-16D283B1F581}.Release|Any CPU.ActiveCfg = Release|Any CPU
		{D967813B-938A-4722-AF4F-16D283B1F581}.Release|Any CPU.Build.0 = Release|Any CPU
	EndGlobalSection
	GlobalSection(SolutionProperties) = preSolution
		HideSolutionNode = FALSE
	EndGlobalSection
	GlobalSection(ExtensibilityGlobals) = postSolution
		SolutionGuid = {7B953DFE-3CB4-4440-A04A-8D393C5DC2C3}
	EndGlobalSection
EndGlobal
