
Microsoft Visual Studio Solution File, Format Version 12.00
# Visual Studio Version 16
VisualStudioVersion = 16.0.31911.196
MinimumVisualStudioVersion = 10.0.40219.1
Project("{FAE04EC0-301F-11D3-BF4B-00C04F79EFBC}") = "LAB3_BT5", "LAB3_BT5.csproj", "{84E3E14B-4CAF-47B8-BD59-205054A8C776}"
EndProject
Global
	GlobalSection(SolutionConfigurationPlatforms) = preSolution
		Debug|Any CPU = Debug|Any CPU
		Release|Any CPU = Release|Any CPU
	EndGlobalSection
	GlobalSection(ProjectConfigurationPlatforms) = postSolution
		{84E3E14B-4CAF-47B8-BD59-205054A8C776}.Debug|Any CPU.ActiveCfg = Debug|Any CPU
		{84E3E14B-4CAF-47B8-BD59-205054A8C776}.Debug|Any CPU.Build.0 = Debug|Any CPU
		{84E3E14B-4CAF-47B8-BD59-205054A8C776}.Release|Any CPU.ActiveCfg = Release|Any CPU
		{84E3E14B-4CAF-47B8-BD59-205054A8C776}.Release|Any CPU.Build.0 = Release|Any CPU
	EndGlobalSection
	GlobalSection(SolutionProperties) = preSolution
		HideSolutionNode = FALSE
	EndGlobalSection
	GlobalSection(ExtensibilityGlobals) = postSolution
		SolutionGuid = {FEFA0B7F-B4C2-4F65-B761-13B7E9F4FA6A}
	EndGlobalSection
EndGlobal
