
Microsoft Visual Studio Solution File, Format Version 12.00
# Visual Studio Version 16
VisualStudioVersion = 16.0.32002.261
MinimumVisualStudioVersion = 10.0.40219.1
Project("{FAE04EC0-301F-11D3-BF4B-00C04F79EFBC}") = "BT703", "BT703.csproj", "{6548250F-EC10-4A26-B919-345D454B870F}"
EndProject
Global
	GlobalSection(SolutionConfigurationPlatforms) = preSolution
		Debug|Any CPU = Debug|Any CPU
		Release|Any CPU = Release|Any CPU
	EndGlobalSection
	GlobalSection(ProjectConfigurationPlatforms) = postSolution
		{6548250F-EC10-4A26-B919-345D454B870F}.Debug|Any CPU.ActiveCfg = Debug|Any CPU
		{6548250F-EC10-4A26-B919-345D454B870F}.Debug|Any CPU.Build.0 = Debug|Any CPU
		{6548250F-EC10-4A26-B919-345D454B870F}.Release|Any CPU.ActiveCfg = Release|Any CPU
		{6548250F-EC10-4A26-B919-345D454B870F}.Release|Any CPU.Build.0 = Release|Any CPU
	EndGlobalSection
	GlobalSection(SolutionProperties) = preSolution
		HideSolutionNode = FALSE
	EndGlobalSection
	GlobalSection(ExtensibilityGlobals) = postSolution
		SolutionGuid = {F606B644-5CA5-4B69-8732-CCBFF1B2E3CB}
	EndGlobalSection
EndGlobal
