
Microsoft Visual Studio Solution File, Format Version 12.00
# Visual Studio Version 16
VisualStudioVersion = 16.0.31911.196
MinimumVisualStudioVersion = 10.0.40219.1
Project("{FAE04EC0-301F-11D3-BF4B-00C04F79EFBC}") = "LAB3_BT9", "LAB3_BT9.csproj", "{C39BDA5A-F128-4533-910E-7A81A354BB2E}"
EndProject
Global
	GlobalSection(SolutionConfigurationPlatforms) = preSolution
		Debug|Any CPU = Debug|Any CPU
		Release|Any CPU = Release|Any CPU
	EndGlobalSection
	GlobalSection(ProjectConfigurationPlatforms) = postSolution
		{C39BDA5A-F128-4533-910E-7A81A354BB2E}.Debug|Any CPU.ActiveCfg = Debug|Any CPU
		{C39BDA5A-F128-4533-910E-7A81A354BB2E}.Debug|Any CPU.Build.0 = Debug|Any CPU
		{C39BDA5A-F128-4533-910E-7A81A354BB2E}.Release|Any CPU.ActiveCfg = Release|Any CPU
		{C39BDA5A-F128-4533-910E-7A81A354BB2E}.Release|Any CPU.Build.0 = Release|Any CPU
	EndGlobalSection
	GlobalSection(SolutionProperties) = preSolution
		HideSolutionNode = FALSE
	EndGlobalSection
	GlobalSection(ExtensibilityGlobals) = postSolution
		SolutionGuid = {6D66D1F7-2857-4B67-BBBE-3BDAE05E751B}
	EndGlobalSection
EndGlobal
