
Microsoft Visual Studio Solution File, Format Version 12.00
# Visual Studio Version 16
VisualStudioVersion = 16.0.31911.196
MinimumVisualStudioVersion = 10.0.40219.1
Project("{FAE04EC0-301F-11D3-BF4B-00C04F79EFBC}") = "LAB6_BT5", "LAB6_BT5.csproj", "{5AE51501-D2F0-4B31-B452-8FAF58DBC07A}"
EndProject
Global
	GlobalSection(SolutionConfigurationPlatforms) = preSolution
		Debug|Any CPU = Debug|Any CPU
		Release|Any CPU = Release|Any CPU
	EndGlobalSection
	GlobalSection(ProjectConfigurationPlatforms) = postSolution
		{5AE51501-D2F0-4B31-B452-8FAF58DBC07A}.Debug|Any CPU.ActiveCfg = Debug|Any CPU
		{5AE51501-D2F0-4B31-B452-8FAF58DBC07A}.Debug|Any CPU.Build.0 = Debug|Any CPU
		{5AE51501-D2F0-4B31-B452-8FAF58DBC07A}.Release|Any CPU.ActiveCfg = Release|Any CPU
		{5AE51501-D2F0-4B31-B452-8FAF58DBC07A}.Release|Any CPU.Build.0 = Release|Any CPU
	EndGlobalSection
	GlobalSection(SolutionProperties) = preSolution
		HideSolutionNode = FALSE
	EndGlobalSection
	GlobalSection(ExtensibilityGlobals) = postSolution
		SolutionGuid = {35A2F225-F334-44D7-A2CE-D9ACE192DD63}
	EndGlobalSection
EndGlobal
